// !$*UTF8*$!
{
	archiveVersion = 1;
	classes = {
	};
	objectVersion = 46;
	objects = {

/* Begin PBXBuildFile section */
		A95B3C5F18951E7900A493CC /* Foundation.framework in Frameworks */ = {isa = PBXBuildFile; fileRef = A95B3C5E18951E7900A493CC /* Foundation.framework */; };
		A95B3C6118951E7900A493CC /* CoreGraphics.framework in Frameworks */ = {isa = PBXBuildFile; fileRef = A95B3C6018951E7900A493CC /* CoreGraphics.framework */; };
		A95B3C6318951E7900A493CC /* UIKit.framework in Frameworks */ = {isa = PBXBuildFile; fileRef = A95B3C6218951E7900A493CC /* UIKit.framework */; };
		A95B3C6918951E7A00A493CC /* InfoPlist.strings in Resources */ = {isa = PBXBuildFile; fileRef = A95B3C6718951E7A00A493CC /* InfoPlist.strings */; };
		A95B3C6B18951E7A00A493CC /* main.m in Sources */ = {isa = PBXBuildFile; fileRef = A95B3C6A18951E7A00A493CC /* main.m */; };
		A95B3C6F18951E7A00A493CC /* MMJAppDelegate.m in Sources */ = {isa = PBXBuildFile; fileRef = A95B3C6E18951E7A00A493CC /* MMJAppDelegate.m */; };
		A95B3C7118951E7A00A493CC /* Images.xcassets in Resources */ = {isa = PBXBuildFile; fileRef = A95B3C7018951E7A00A493CC /* Images.xcassets */; };
		A95B3C7818951E7A00A493CC /* XCTest.framework in Frameworks */ = {isa = PBXBuildFile; fileRef = A95B3C7718951E7A00A493CC /* XCTest.framework */; };
		A95B3C7918951E7A00A493CC /* Foundation.framework in Frameworks */ = {isa = PBXBuildFile; fileRef = A95B3C5E18951E7900A493CC /* Foundation.framework */; };
		A95B3C7A18951E7A00A493CC /* UIKit.framework in Frameworks */ = {isa = PBXBuildFile; fileRef = A95B3C6218951E7900A493CC /* UIKit.framework */; };
		A95B3C8218951E7A00A493CC /* InfoPlist.strings in Resources */ = {isa = PBXBuildFile; fileRef = A95B3C8018951E7A00A493CC /* InfoPlist.strings */; };
		A95B3C8418951E7A00A493CC /* PaintCodeProgressBarTests.m in Sources */ = {isa = PBXBuildFile; fileRef = A95B3C8318951E7A00A493CC /* PaintCodeProgressBarTests.m */; };
		A95B3C8F18952CEF00A493CC /* PaintCodeProgressView.m in Sources */ = {isa = PBXBuildFile; fileRef = A95B3C8E18952CEF00A493CC /* PaintCodeProgressView.m */; };
		A95B3C9418952DDB00A493CC /* PaintCodeProgressViewController.m in Sources */ = {isa = PBXBuildFile; fileRef = A95B3C9318952DDB00A493CC /* PaintCodeProgressViewController.m */; };
/* End PBXBuildFile section */

/* Begin PBXContainerItemProxy section */
		A95B3C7B18951E7A00A493CC /* PBXContainerItemProxy */ = {
			isa = PBXContainerItemProxy;
			containerPortal = A95B3C5318951E7900A493CC /* Project object */;
			proxyType = 1;
			remoteGlobalIDString = A95B3C5A18951E7900A493CC;
			remoteInfo = PaintCodeProgressBar;
		};
/* End PBXContainerItemProxy section */

/* Begin PBXFileReference section */
		A95B3C5B18951E7900A493CC /* PaintCodeProgressBar.app */ = {isa = PBXFileReference; explicitFileType = wrapper.application; includeInIndex = 0; path = PaintCodeProgressBar.app; sourceTree = BUILT_PRODUCTS_DIR; };
		A95B3C5E18951E7900A493CC /* Foundation.framework */ = {isa = PBXFileReference; lastKnownFileType = wrapper.framework; name = Foundation.framework; path = System/Library/Frameworks/Foundation.framework; sourceTree = SDKROOT; };
		A95B3C6018951E7900A493CC /* CoreGraphics.framework */ = {isa = PBXFileReference; lastKnownFileType = wrapper.framework; name = CoreGraphics.framework; path = System/Library/Frameworks/CoreGraphics.framework; sourceTree = SDKROOT; };
		A95B3C6218951E7900A493CC /* UIKit.framework */ = {isa = PBXFileReference; lastKnownFileType = wrapper.framework; name = UIKit.framework; path = System/Library/Frameworks/UIKit.framework; sourceTree = SDKROOT; };
		A95B3C6618951E7A00A493CC /* PaintCodeProgressBar-Info.plist */ = {isa = PBXFileReference; lastKnownFileType = text.plist.xml; path = "PaintCodeProgressBar-Info.plist"; sourceTree = "<group>"; };
		A95B3C6818951E7A00A493CC /* en */ = {isa = PBXFileReference; lastKnownFileType = text.plist.strings; name = en; path = en.lproj/InfoPlist.strings; sourceTree = "<group>"; };
		A95B3C6A18951E7A00A493CC /* main.m */ = {isa = PBXFileReference; lastKnownFileType = sourcecode.c.objc; path = main.m; sourceTree = "<group>"; };
		A95B3C6C18951E7A00A493CC /* PaintCodeProgressBar-Prefix.pch */ = {isa = PBXFileReference; lastKnownFileType = sourcecode.c.h; path = "PaintCodeProgressBar-Prefix.pch"; sourceTree = "<group>"; };
		A95B3C6D18951E7A00A493CC /* MMJAppDelegate.h */ = {isa = PBXFileReference; lastKnownFileType = sourcecode.c.h; path = MMJAppDelegate.h; sourceTree = "<group>"; };
		A95B3C6E18951E7A00A493CC /* MMJAppDelegate.m */ = {isa = PBXFileReference; lastKnownFileType = sourcecode.c.objc; path = MMJAppDelegate.m; sourceTree = "<group>"; };
		A95B3C7018951E7A00A493CC /* Images.xcassets */ = {isa = PBXFileReference; lastKnownFileType = folder.assetcatalog; path = Images.xcassets; sourceTree = "<group>"; };
		A95B3C7618951E7A00A493CC /* PaintCodeProgressBarTests.xctest */ = {isa = PBXFileReference; explicitFileType = wrapper.cfbundle; includeInIndex = 0; path = PaintCodeProgressBarTests.xctest; sourceTree = BUILT_PRODUCTS_DIR; };
		A95B3C7718951E7A00A493CC /* XCTest.framework */ = {isa = PBXFileReference; lastKnownFileType = wrapper.framework; name = XCTest.framework; path = Library/Frameworks/XCTest.framework; sourceTree = DEVELOPER_DIR; };
		A95B3C7F18951E7A00A493CC /* PaintCodeProgressBarTests-Info.plist */ = {isa = PBXFileReference; lastKnownFileType = text.plist.xml; path = "PaintCodeProgressBarTests-Info.plist"; sourceTree = "<group>"; };
		A95B3C8118951E7A00A493CC /* en */ = {isa = PBXFileReference; lastKnownFileType = text.plist.strings; name = en; path = en.lproj/InfoPlist.strings; sourceTree = "<group>"; };
		A95B3C8318951E7A00A493CC /* PaintCodeProgressBarTests.m */ = {isa = PBXFileReference; lastKnownFileType = sourcecode.c.objc; path = PaintCodeProgressBarTests.m; sourceTree = "<group>"; };
		A95B3C8D18952CEF00A493CC /* PaintCodeProgressView.h */ = {isa = PBXFileReference; fileEncoding = 4; lastKnownFileType = sourcecode.c.h; name = PaintCodeProgressView.h; path = PaintCodeProgressBar/Classes/Views/PaintCodeProgressView.h; sourceTree = "<group>"; };
		A95B3C8E18952CEF00A493CC /* PaintCodeProgressView.m */ = {isa = PBXFileReference; fileEncoding = 4; lastKnownFileType = sourcecode.c.objc; name = PaintCodeProgressView.m; path = PaintCodeProgressBar/Classes/Views/PaintCodeProgressView.m; sourceTree = "<group>"; };
		A95B3C9218952DDB00A493CC /* PaintCodeProgressViewController.h */ = {isa = PBXFileReference; fileEncoding = 4; lastKnownFileType = sourcecode.c.h; name = PaintCodeProgressViewController.h; path = ViewController/PaintCodeProgressViewController.h; sourceTree = "<group>"; };
		A95B3C9318952DDB00A493CC /* PaintCodeProgressViewController.m */ = {isa = PBXFileReference; fileEncoding = 4; lastKnownFileType = sourcecode.c.objc; name = PaintCodeProgressViewController.m; path = ViewController/PaintCodeProgressViewController.m; sourceTree = "<group>"; };
/* End PBXFileReference section */

/* Begin PBXFrameworksBuildPhase section */
		A95B3C5818951E7900A493CC /* Frameworks */ = {
			isa = PBXFrameworksBuildPhase;
			buildActionMask = 2147483647;
			files = (
				A95B3C6118951E7900A493CC /* CoreGraphics.framework in Frameworks */,
				A95B3C6318951E7900A493CC /* UIKit.framework in Frameworks */,
				A95B3C5F18951E7900A493CC /* Foundation.framework in Frameworks */,
			);
			runOnlyForDeploymentPostprocessing = 0;
		};
		A95B3C7318951E7A00A493CC /* Frameworks */ = {
			isa = PBXFrameworksBuildPhase;
			buildActionMask = 2147483647;
			files = (
				A95B3C7818951E7A00A493CC /* XCTest.framework in Frameworks */,
				A95B3C7A18951E7A00A493CC /* UIKit.framework in Frameworks */,
				A95B3C7918951E7A00A493CC /* Foundation.framework in Frameworks */,
			);
			runOnlyForDeploymentPostprocessing = 0;
		};
/* End PBXFrameworksBuildPhase section */

/* Begin PBXGroup section */
		A95B3C5218951E7900A493CC = {
			isa = PBXGroup;
			children = (
				A95B3C6418951E7A00A493CC /* PaintCodeProgressBar */,
				A95B3C7D18951E7A00A493CC /* PaintCodeProgressBarTests */,
				A95B3C5D18951E7900A493CC /* Frameworks */,
				A95B3C5C18951E7900A493CC /* Products */,
			);
			sourceTree = "<group>";
		};
		A95B3C5C18951E7900A493CC /* Products */ = {
			isa = PBXGroup;
			children = (
				A95B3C5B18951E7900A493CC /* PaintCodeProgressBar.app */,
				A95B3C7618951E7A00A493CC /* PaintCodeProgressBarTests.xctest */,
			);
			name = Products;
			sourceTree = "<group>";
		};
		A95B3C5D18951E7900A493CC /* Frameworks */ = {
			isa = PBXGroup;
			children = (
				A95B3C5E18951E7900A493CC /* Foundation.framework */,
				A95B3C6018951E7900A493CC /* CoreGraphics.framework */,
				A95B3C6218951E7900A493CC /* UIKit.framework */,
				A95B3C7718951E7A00A493CC /* XCTest.framework */,
			);
			name = Frameworks;
			sourceTree = "<group>";
		};
		A95B3C6418951E7A00A493CC /* PaintCodeProgressBar */ = {
			isa = PBXGroup;
			children = (
				A95B3C9018952CF300A493CC /* Classes */,
				A95B3C6D18951E7A00A493CC /* MMJAppDelegate.h */,
				A95B3C6E18951E7A00A493CC /* MMJAppDelegate.m */,
				A95B3C6518951E7A00A493CC /* Supporting Files */,
			);
			path = PaintCodeProgressBar;
			sourceTree = "<group>";
		};
		A95B3C6518951E7A00A493CC /* Supporting Files */ = {
			isa = PBXGroup;
			children = (
				A95B3C7018951E7A00A493CC /* Images.xcassets */,
				A95B3C6618951E7A00A493CC /* PaintCodeProgressBar-Info.plist */,
				A95B3C6718951E7A00A493CC /* InfoPlist.strings */,
				A95B3C6A18951E7A00A493CC /* main.m */,
				A95B3C6C18951E7A00A493CC /* PaintCodeProgressBar-Prefix.pch */,
			);
			name = "Supporting Files";
			sourceTree = "<group>";
		};
		A95B3C7D18951E7A00A493CC /* PaintCodeProgressBarTests */ = {
			isa = PBXGroup;
			children = (
				A95B3C8318951E7A00A493CC /* PaintCodeProgressBarTests.m */,
				A95B3C7E18951E7A00A493CC /* Supporting Files */,
			);
			path = PaintCodeProgressBarTests;
			sourceTree = "<group>";
		};
		A95B3C7E18951E7A00A493CC /* Supporting Files */ = {
			isa = PBXGroup;
			children = (
				A95B3C7F18951E7A00A493CC /* PaintCodeProgressBarTests-Info.plist */,
				A95B3C8018951E7A00A493CC /* InfoPlist.strings */,
			);
			name = "Supporting Files";
			sourceTree = "<group>";
		};
		A95B3C9018952CF300A493CC /* Classes */ = {
			isa = PBXGroup;
			children = (
				A95B3C9118952CFD00A493CC /* Views */,
				A95B3C9518952DDE00A493CC /* ViewController */,
			);
			name = Classes;
			path = ..;
			sourceTree = "<group>";
		};
		A95B3C9118952CFD00A493CC /* Views */ = {
			isa = PBXGroup;
			children = (
				A95B3C8D18952CEF00A493CC /* PaintCodeProgressView.h */,
				A95B3C8E18952CEF00A493CC /* PaintCodeProgressView.m */,
			);
			name = Views;
			sourceTree = "<group>";
		};
		A95B3C9518952DDE00A493CC /* ViewController */ = {
			isa = PBXGroup;
			children = (
				A95B3C9218952DDB00A493CC /* PaintCodeProgressViewController.h */,
				A95B3C9318952DDB00A493CC /* PaintCodeProgressViewController.m */,
			);
			name = ViewController;
			sourceTree = "<group>";
		};
/* End PBXGroup section */

/* Begin PBXNativeTarget section */
		A95B3C5A18951E7900A493CC /* PaintCodeProgressBar */ = {
			isa = PBXNativeTarget;
			buildConfigurationList = A95B3C8718951E7A00A493CC /* Build configuration list for PBXNativeTarget "PaintCodeProgressBar" */;
			buildPhases = (
				A95B3C5718951E7900A493CC /* Sources */,
				A95B3C5818951E7900A493CC /* Frameworks */,
				A95B3C5918951E7900A493CC /* Resources */,
			);
			buildRules = (
			);
			dependencies = (
			);
			name = PaintCodeProgressBar;
			productName = PaintCodeProgressBar;
			productReference = A95B3C5B18951E7900A493CC /* PaintCodeProgressBar.app */;
			productType = "com.apple.product-type.application";
		};
		A95B3C7518951E7A00A493CC /* PaintCodeProgressBarTests */ = {
			isa = PBXNativeTarget;
			buildConfigurationList = A95B3C8A18951E7A00A493CC /* Build configuration list for PBXNativeTarget "PaintCodeProgressBarTests" */;
			buildPhases = (
				A95B3C7218951E7A00A493CC /* Sources */,
				A95B3C7318951E7A00A493CC /* Frameworks */,
				A95B3C7418951E7A00A493CC /* Resources */,
			);
			buildRules = (
			);
			dependencies = (
				A95B3C7C18951E7A00A493CC /* PBXTargetDependency */,
			);
			name = PaintCodeProgressBarTests;
			productName = PaintCodeProgressBarTests;
			productReference = A95B3C7618951E7A00A493CC /* PaintCodeProgressBarTests.xctest */;
			productType = "com.apple.product-type.bundle.unit-test";
		};
/* End PBXNativeTarget section */

/* Begin PBXProject section */
		A95B3C5318951E7900A493CC /* Project object */ = {
			isa = PBXProject;
			attributes = {
				CLASSPREFIX = MMJ;
				LastUpgradeCheck = 0500;
				ORGANIZATIONNAME = "Token d.o.o.";
				TargetAttributes = {
					A95B3C7518951E7A00A493CC = {
						TestTargetID = A95B3C5A18951E7900A493CC;
					};
				};
			};
			buildConfigurationList = A95B3C5618951E7900A493CC /* Build configuration list for PBXProject "PaintCodeProgressBar" */;
			compatibilityVersion = "Xcode 3.2";
			developmentRegion = English;
			hasScannedForEncodings = 0;
			knownRegions = (
				en,
			);
			mainGroup = A95B3C5218951E7900A493CC;
			productRefGroup = A95B3C5C18951E7900A493CC /* Products */;
			projectDirPath = "";
			projectRoot = "";
			targets = (
				A95B3C5A18951E7900A493CC /* PaintCodeProgressBar */,
				A95B3C7518951E7A00A493CC /* PaintCodeProgressBarTests */,
			);
		};
/* End PBXProject section */

/* Begin PBXResourcesBuildPhase section */
		A95B3C5918951E7900A493CC /* Resources */ = {
			isa = PBXResourcesBuildPhase;
			buildActionMask = 2147483647;
			files = (
				A95B3C6918951E7A00A493CC /* InfoPlist.strings in Resources */,
				A95B3C7118951E7A00A493CC /* Images.xcassets in Resources */,
			);
			runOnlyForDeploymentPostprocessing = 0;
		};
		A95B3C7418951E7A00A493CC /* Resources */ = {
			isa = PBXResourcesBuildPhase;
			buildActionMask = 2147483647;
			files = (
				A95B3C8218951E7A00A493CC /* InfoPlist.strings in Resources */,
			);
			runOnlyForDeploymentPostprocessing = 0;
		};
/* End PBXResourcesBuildPhase section */

/* Begin PBXSourcesBuildPhase section */
		A95B3C5718951E7900A493CC /* Sources */ = {
			isa = PBXSourcesBuildPhase;
			buildActionMask = 2147483647;
			files = (
				A95B3C8F18952CEF00A493CC /* PaintCodeProgressView.m in Sources */,
				A95B3C9418952DDB00A493CC /* PaintCodeProgressViewController.m in Sources */,
				A95B3C6B18951E7A00A493CC /* main.m in Sources */,
				A95B3C6F18951E7A00A493CC /* MMJAppDelegate.m in Sources */,
			);
			runOnlyForDeploymentPostprocessing = 0;
		};
		A95B3C7218951E7A00A493CC /* Sources */ = {
			isa = PBXSourcesBuildPhase;
			buildActionMask = 2147483647;
			files = (
				A95B3C8418951E7A00A493CC /* PaintCodeProgressBarTests.m in Sources */,
			);
			runOnlyForDeploymentPostprocessing = 0;
		};
/* End PBXSourcesBuildPhase section */

/* Begin PBXTargetDependency section */
		A95B3C7C18951E7A00A493CC /* PBXTargetDependency */ = {
			isa = PBXTargetDependency;
			target = A95B3C5A18951E7900A493CC /* PaintCodeProgressBar */;
			targetProxy = A95B3C7B18951E7A00A493CC /* PBXContainerItemProxy */;
		};
/* End PBXTargetDependency section */

/* Begin PBXVariantGroup section */
		A95B3C6718951E7A00A493CC /* InfoPlist.strings */ = {
			isa = PBXVariantGroup;
			children = (
				A95B3C6818951E7A00A493CC /* en */,
			);
			name = InfoPlist.strings;
			sourceTree = "<group>";
		};
		A95B3C8018951E7A00A493CC /* InfoPlist.strings */ = {
			isa = PBXVariantGroup;
			children = (
				A95B3C8118951E7A00A493CC /* en */,
			);
			name = InfoPlist.strings;
			sourceTree = "<group>";
		};
/* End PBXVariantGroup section */

/* Begin XCBuildConfiguration section */
		A95B3C8518951E7A00A493CC /* Debug */ = {
			isa = XCBuildConfiguration;
			buildSettings = {
				ALWAYS_SEARCH_USER_PATHS = NO;
				ARCHS = "$(ARCHS_STANDARD_INCLUDING_64_BIT)";
				CLANG_CXX_LANGUAGE_STANDARD = "gnu++0x";
				CLANG_CXX_LIBRARY = "libc++";
				CLANG_ENABLE_MODULES = YES;
				CLANG_ENABLE_OBJC_ARC = YES;
				CLANG_WARN_BOOL_CONVERSION = YES;
				CLANG_WARN_CONSTANT_CONVERSION = YES;
				CLANG_WARN_DIRECT_OBJC_ISA_USAGE = YES_ERROR;
				CLANG_WARN_EMPTY_BODY = YES;
				CLANG_WARN_ENUM_CONVERSION = YES;
				CLANG_WARN_INT_CONVERSION = YES;
				CLANG_WARN_OBJC_ROOT_CLASS = YES_ERROR;
				CLANG_WARN__DUPLICATE_METHOD_MATCH = YES;
				"CODE_SIGN_IDENTITY[sdk=iphoneos*]" = "iPhone Developer";
				COPY_PHASE_STRIP = NO;
				GCC_C_LANGUAGE_STANDARD = gnu99;
				GCC_DYNAMIC_NO_PIC = NO;
				GCC_OPTIMIZATION_LEVEL = 0;
				GCC_PREPROCESSOR_DEFINITIONS = (
					"DEBUG=1",
					"$(inherited)",
				);
				GCC_SYMBOLS_PRIVATE_EXTERN = NO;
				GCC_WARN_64_TO_32_BIT_CONVERSION = YES;
				GCC_WARN_ABOUT_RETURN_TYPE = YES_ERROR;
				GCC_WARN_UNDECLARED_SELECTOR = YES;
				GCC_WARN_UNINITIALIZED_AUTOS = YES;
				GCC_WARN_UNUSED_FUNCTION = YES;
				GCC_WARN_UNUSED_VARIABLE = YES;
				IPHONEOS_DEPLOYMENT_TARGET = 7.0;
				ONLY_ACTIVE_ARCH = YES;
				SDKROOT = iphoneos;
			};
			name = Debug;
		};
		A95B3C8618951E7A00A493CC /* Release */ = {
			isa = XCBuildConfiguration;
			buildSettings = {
				ALWAYS_SEARCH_USER_PATHS = NO;
				ARCHS = "$(ARCHS_STANDARD_INCLUDING_64_BIT)";
				CLANG_CXX_LANGUAGE_STANDARD = "gnu++0x";
				CLANG_CXX_LIBRARY = "libc++";
				CLANG_ENABLE_MODULES = YES;
				CLANG_ENABLE_OBJC_ARC = YES;
				CLANG_WARN_BOOL_CONVERSION = YES;
				CLANG_WARN_CONSTANT_CONVERSION = YES;
				CLANG_WARN_DIRECT_OBJC_ISA_USAGE = YES_ERROR;
				CLANG_WARN_EMPTY_BODY = YES;
				CLANG_WARN_ENUM_CONVERSION = YES;
				CLANG_WARN_INT_CONVERSION = YES;
				CLANG_WARN_OBJC_ROOT_CLASS = YES_ERROR;
				CLANG_WARN__DUPLICATE_METHOD_MATCH = YES;
				"CODE_SIGN_IDENTITY[sdk=iphoneos*]" = "iPhone Developer";
				COPY_PHASE_STRIP = YES;
				ENABLE_NS_ASSERTIONS = NO;
				GCC_C_LANGUAGE_STANDARD = gnu99;
				GCC_WARN_64_TO_32_BIT_CONVERSION = YES;
				GCC_WARN_ABOUT_RETURN_TYPE = YES_ERROR;
				GCC_WARN_UNDECLARED_SELECTOR = YES;
				GCC_WARN_UNINITIALIZED_AUTOS = YES;
				GCC_WARN_UNUSED_FUNCTION = YES;
				GCC_WARN_UNUSED_VARIABLE = YES;
				IPHONEOS_DEPLOYMENT_TARGET = 7.0;
				SDKROOT = iphoneos;
				VALIDATE_PRODUCT = YES;
			};
			name = Release;
		};
		A95B3C8818951E7A00A493CC /* Debug */ = {
			isa = XCBuildConfiguration;
			buildSettings = {
				ASSETCATALOG_COMPILER_APPICON_NAME = AppIcon;
				ASSETCATALOG_COMPILER_LAUNCHIMAGE_NAME = LaunchImage;
				GCC_PRECOMPILE_PREFIX_HEADER = YES;
				GCC_PREFIX_HEADER = "PaintCodeProgressBar/PaintCodeProgressBar-Prefix.pch";
				INFOPLIST_FILE = "PaintCodeProgressBar/PaintCodeProgressBar-Info.plist";
				PRODUCT_NAME = "$(TARGET_NAME)";
				WRAPPER_EXTENSION = app;
			};
			name = Debug;
		};
		A95B3C8918951E7A00A493CC /* Release */ = {
			isa = XCBuildConfiguration;
			buildSettings = {
				ASSETCATALOG_COMPILER_APPICON_NAME = AppIcon;
				ASSETCATALOG_COMPILER_LAUNCHIMAGE_NAME = LaunchImage;
				GCC_PRECOMPILE_PREFIX_HEADER = YES;
				GCC_PREFIX_HEADER = "PaintCodeProgressBar/PaintCodeProgressBar-Prefix.pch";
				INFOPLIST_FILE = "PaintCodeProgressBar/PaintCodeProgressBar-Info.plist";
				PRODUCT_NAME = "$(TARGET_NAME)";
				WRAPPER_EXTENSION = app;
			};
			name = Release;
		};
		A95B3C8B18951E7A00A493CC /* Debug */ = {
			isa = XCBuildConfiguration;
			buildSettings = {
				ARCHS = "$(ARCHS_STANDARD_INCLUDING_64_BIT)";
				BUNDLE_LOADER = "$(BUILT_PRODUCTS_DIR)/PaintCodeProgressBar.app/PaintCodeProgressBar";
				FRAMEWORK_SEARCH_PATHS = (
					"$(SDKROOT)/Developer/Library/Frameworks",
					"$(inherited)",
					"$(DEVELOPER_FRAMEWORKS_DIR)",
				);
				GCC_PRECOMPILE_PREFIX_HEADER = YES;
				GCC_PREFIX_HEADER = "PaintCodeProgressBar/PaintCodeProgressBar-Prefix.pch";
				GCC_PREPROCESSOR_DEFINITIONS = (
					"DEBUG=1",
					"$(inherited)",
				);
				INFOPLIST_FILE = "PaintCodeProgressBarTests/PaintCodeProgressBarTests-Info.plist";
				PRODUCT_NAME = "$(TARGET_NAME)";
				TEST_HOST = "$(BUNDLE_LOADER)";
				WRAPPER_EXTENSION = xctest;
			};
			name = Debug;
		};
		A95B3C8C18951E7A00A493CC /* Release */ = {
			isa = XCBuildConfiguration;
			buildSettings = {
				ARCHS = "$(ARCHS_STANDARD_INCLUDING_64_BIT)";
				BUNDLE_LOADER = "$(BUILT_PRODUCTS_DIR)/PaintCodeProgressBar.app/PaintCodeProgressBar";
				FRAMEWORK_SEARCH_PATHS = (
					"$(SDKROOT)/Developer/Library/Frameworks",
					"$(inherited)",
					"$(DEVELOPER_FRAMEWORKS_DIR)",
				);
				GCC_PRECOMPILE_PREFIX_HEADER = YES;
				GCC_PREFIX_HEADER = "PaintCodeProgressBar/PaintCodeProgressBar-Prefix.pch";
				INFOPLIST_FILE = "PaintCodeProgressBarTests/PaintCodeProgressBarTests-Info.plist";
				PRODUCT_NAME = "$(TARGET_NAME)";
				TEST_HOST = "$(BUNDLE_LOADER)";
				WRAPPER_EXTENSION = xctest;
			};
			name = Release;
		};
/* End XCBuildConfiguration section */

/* Begin XCConfigurationList section */
		A95B3C5618951E7900A493CC /* Build configuration list for PBXProject "PaintCodeProgressBar" */ = {
			isa = XCConfigurationList;
			buildConfigurations = (
				A95B3C8518951E7A00A493CC /* Debug */,
				A95B3C8618951E7A00A493CC /* Release */,
			);
			defaultConfigurationIsVisible = 0;
			defaultConfigurationName = Release;
		};
		A95B3C8718951E7A00A493CC /* Build configuration list for PBXNativeTarget "PaintCodeProgressBar" */ = {
			isa = XCConfigurationList;
			buildConfigurations = (
				A95B3C8818951E7A00A493CC /* Debug */,
				A95B3C8918951E7A00A493CC /* Release */,
			);
			defaultConfigurationIsVisible = 0;
		};
		A95B3C8A18951E7A00A493CC /* Build configuration list for PBXNativeTarget "PaintCodeProgressBarTests" */ = {
			isa = XCConfigurationList;
			buildConfigurations = (
				A95B3C8B18951E7A00A493CC /* Debug */,
				A95B3C8C18951E7A00A493CC /* Release */,
			);
			defaultConfigurationIsVisible = 0;
		};
/* End XCConfigurationList section */
	};
	rootObject = A95B3C5318951E7900A493CC /* Project object */;
}
